
Microsoft Visual Studio Solution File, Format Version 12.00
# Visual Studio Version 16
VisualStudioVersion = 16.0.29230.47
MinimumVisualStudioVersion = 10.0.40219.1
Project("{888888A0-9F3D-457C-B088-3A5042F75D52}") = "BattleShips", "BattleShips.pyproj", "{6936865C-A62C-4786-9B2E-85C7E42C029A}"
EndProject
Global
	GlobalSection(SolutionConfigurationPlatforms) = preSolution
		Debug|Any CPU = Debug|Any CPU
		Release|Any CPU = Release|Any CPU
	EndGlobalSection
	GlobalSection(ProjectConfigurationPlatforms) = postSolution
		{6936865C-A62C-4786-9B2E-85C7E42C029A}.Debug|Any CPU.ActiveCfg = Debug|Any CPU
		{6936865C-A62C-4786-9B2E-85C7E42C029A}.Release|Any CPU.ActiveCfg = Release|Any CPU
	EndGlobalSection
	GlobalSection(SolutionProperties) = preSolution
		HideSolutionNode = FALSE
	EndGlobalSection
	GlobalSection(ExtensibilityGlobals) = postSolution
		SolutionGuid = {E4D3C508-0E89-4EEF-8750-A2B3863861EA}
	EndGlobalSection
EndGlobal
