
Microsoft Visual Studio Solution File, Format Version 12.00
# Visual Studio 15
VisualStudioVersion = 15.0.28307.902
MinimumVisualStudioVersion = 10.0.40219.1
Project("{888888A0-9F3D-457C-B088-3A5042F75D52}") = "BatttleShips2", "BatttleShips2\BatttleShips2.pyproj", "{98A4A85C-F158-4C61-B37B-9EE783AA6523}"
EndProject
Global
	GlobalSection(SolutionConfigurationPlatforms) = preSolution
		Debug|Any CPU = Debug|Any CPU
		Release|Any CPU = Release|Any CPU
	EndGlobalSection
	GlobalSection(ProjectConfigurationPlatforms) = postSolution
		{98A4A85C-F158-4C61-B37B-9EE783AA6523}.Debug|Any CPU.ActiveCfg = Debug|Any CPU
		{98A4A85C-F158-4C61-B37B-9EE783AA6523}.Release|Any CPU.ActiveCfg = Release|Any CPU
	EndGlobalSection
	GlobalSection(SolutionProperties) = preSolution
		HideSolutionNode = FALSE
	EndGlobalSection
	GlobalSection(ExtensibilityGlobals) = postSolution
		SolutionGuid = {4F14810F-D1D5-43DC-B3A8-0D19A9DC1653}
	EndGlobalSection
EndGlobal
